
Microsoft Visual Studio Solution File, Format Version 12.00
# Visual Studio Version 17
VisualStudioVersion = 17.9.34622.214
MinimumVisualStudioVersion = 10.0.40219.1
Project("{FAE04EC0-301F-11D3-BF4B-00C04F79EFBC}") = "MVC_Project.PL", "MVC_Project.PL\MVC_Project.PL.csproj", "{F5D706E3-9DCB-4639-906B-E0E6D2215825}"
EndProject
Project("{FAE04EC0-301F-11D3-BF4B-00C04F79EFBC}") = "MVC_Project.DAL", "MVC_Project\MVC_Project.DAL.csproj", "{32DE35C1-6570-4AD2-A543-E4168AE38C67}"
EndProject
Project("{FAE04EC0-301F-11D3-BF4B-00C04F79EFBC}") = "MVC_Project.BLL", "MVC_Project.BLL\MVC_Project.BLL.csproj", "{A7699C9B-FF5C-4E71-AF43-FD992EC90647}"
EndProject
Global
	GlobalSection(SolutionConfigurationPlatforms) = preSolution
		Debug|Any CPU = Debug|Any CPU
		Release|Any CPU = Release|Any CPU
	EndGlobalSection
	GlobalSection(ProjectConfigurationPlatforms) = postSolution
		{F5D706E3-9DCB-4639-906B-E0E6D2215825}.Debug|Any CPU.ActiveCfg = Debug|Any CPU
		{F5D706E3-9DCB-4639-906B-E0E6D2215825}.Debug|Any CPU.Build.0 = Debug|Any CPU
		{F5D706E3-9DCB-4639-906B-E0E6D2215825}.Release|Any CPU.ActiveCfg = Release|Any CPU
		{F5D706E3-9DCB-4639-906B-E0E6D2215825}.Release|Any CPU.Build.0 = Release|Any CPU
		{32DE35C1-6570-4AD2-A543-E4168AE38C67}.Debug|Any CPU.ActiveCfg = Debug|Any CPU
		{32DE35C1-6570-4AD2-A543-E4168AE38C67}.Debug|Any CPU.Build.0 = Debug|Any CPU
		{32DE35C1-6570-4AD2-A543-E4168AE38C67}.Release|Any CPU.ActiveCfg = Release|Any CPU
		{32DE35C1-6570-4AD2-A543-E4168AE38C67}.Release|Any CPU.Build.0 = Release|Any CPU
		{A7699C9B-FF5C-4E71-AF43-FD992EC90647}.Debug|Any CPU.ActiveCfg = Debug|Any CPU
		{A7699C9B-FF5C-4E71-AF43-FD992EC90647}.Debug|Any CPU.Build.0 = Debug|Any CPU
		{A7699C9B-FF5C-4E71-AF43-FD992EC90647}.Release|Any CPU.ActiveCfg = Release|Any CPU
		{A7699C9B-FF5C-4E71-AF43-FD992EC90647}.Release|Any CPU.Build.0 = Release|Any CPU
	EndGlobalSection
	GlobalSection(SolutionProperties) = preSolution
		HideSolutionNode = FALSE
	EndGlobalSection
	GlobalSection(ExtensibilityGlobals) = postSolution
		SolutionGuid = {A0D910F1-C3A7-4037-85B7-271BC803ACD7}
	EndGlobalSection
EndGlobal
